
Microsoft Visual Studio Solution File, Format Version 12.00
# Visual Studio Version 17
VisualStudioVersion = 17.0.31903.59
MinimumVisualStudioVersion = 10.0.40219.1
Project("{FAE04EC0-301F-11D3-BF4B-00C04F79EFBC}") = "CustomerApp.Domain", "CustomerApp.Domain\CustomerApp.Domain.csproj", "{88DA68AC-BAEA-49E9-A1EC-04B466EA50CC}"
EndProject
Project("{FAE04EC0-301F-11D3-BF4B-00C04F79EFBC}") = "CustomerApp.Domain.Tests", "CustomerApp.Domain.Tests\CustomerApp.Domain.Tests.csproj", "{5E2DB75F-9366-4568-980C-3248333F5543}"
EndProject
Global
	GlobalSection(SolutionConfigurationPlatforms) = preSolution
		Debug|Any CPU = Debug|Any CPU
		Release|Any CPU = Release|Any CPU
	EndGlobalSection
	GlobalSection(SolutionProperties) = preSolution
		HideSolutionNode = FALSE
	EndGlobalSection
	GlobalSection(ProjectConfigurationPlatforms) = postSolution
		{88DA68AC-BAEA-49E9-A1EC-04B466EA50CC}.Debug|Any CPU.ActiveCfg = Debug|Any CPU
		{88DA68AC-BAEA-49E9-A1EC-04B466EA50CC}.Debug|Any CPU.Build.0 = Debug|Any CPU
		{88DA68AC-BAEA-49E9-A1EC-04B466EA50CC}.Release|Any CPU.ActiveCfg = Release|Any CPU
		{88DA68AC-BAEA-49E9-A1EC-04B466EA50CC}.Release|Any CPU.Build.0 = Release|Any CPU
		{5E2DB75F-9366-4568-980C-3248333F5543}.Debug|Any CPU.ActiveCfg = Debug|Any CPU
		{5E2DB75F-9366-4568-980C-3248333F5543}.Debug|Any CPU.Build.0 = Debug|Any CPU
		{5E2DB75F-9366-4568-980C-3248333F5543}.Release|Any CPU.ActiveCfg = Release|Any CPU
		{5E2DB75F-9366-4568-980C-3248333F5543}.Release|Any CPU.Build.0 = Release|Any CPU
	EndGlobalSection
EndGlobal
